# THIS IS AN AUTOGENERATED FILE. DO NOT EDIT THIS FILE DIRECTLY.
# yarn lockfile v1


lodash@4.1.x:
  version "4.1.0"
  resolved "https://registry.yarnpkg.com/lodash/-/lodash-4.1.0.tgz#299894283de01a9eefbedff4c4b9b00a6a2e6e96"
  integrity sha1-KZiUKD3gGp7vvt/0xLmwCmoubpY=

sliced@0.0.x:
  version "0.0.5"
  resolved "https://registry.yarnpkg.com/sliced/-/sliced-0.0.5.tgz#5edc044ca4eb6f7816d50ba2fc63e25d8fe4707f"
  integrity sha1-XtwETKTrb3gW1Qui/GPiXY/kcH8=

sql@^0.78.0:
  version "0.78.0"
  resolved "https://registry.yarnpkg.com/sql/-/sql-0.78.0.tgz#894585d56111dbb1768741a4d9935c82c8595949"
  integrity sha1-iUWF1WER27F2h0Gk2ZNcgshZWUk=
  dependencies:
    lodash "4.1.x"
    sliced "0.0.x"
